[[package]]
name = "pysqlite3"
version = "0.4.7"
description = "DB-API 2.0 interface for Sqlite 3.x"
category = "main"
optional = false
python-versions = "*"

[metadata]
lock-version = "1.1"
python-versions = "^3.10"
content-hash = "81d31d280d21dab137d3d3eff852bc0f297c1c28bc665befeb5e8cba179d5675"

[metadata.files]
pysqlite3 = [
    {file = "pysqlite3-0.4.7.tar.gz", hash = "sha256:0352864898aa406beb762f4a620594c950a9a4430caab679bce574065698c8ac"},
]
